// !$*UTF8*$!
{
	archiveVersion = 1;
	classes = {
	};
	objectVersion = 77;
	objects = {

/* Begin PBXBuildFile section */
		F8AC07E22CEC92C8006FBB3E /* FirebaseAnalytics in Frameworks */ = {isa = PBXBuildFile; productRef = F8AC07E12CEC92C8006FBB3E /* FirebaseAnalytics */; };
		F8AC07E42CEC92C8006FBB3E /* FirebaseMessaging in Frameworks */ = {isa = PBXBuildFile; productRef = F8AC07E32CEC92C8006FBB3E /* FirebaseMessaging */; };
		F8AC07E62CEC92C8006FBB3E /* FirebaseRemoteConfig in Frameworks */ = {isa = PBXBuildFile; productRef = F8AC07E52CEC92C8006FBB3E /* FirebaseRemoteConfig */; };
		F8AC08232CECA45C006FBB3E /* AppDelegate.swift in Sources */ = {isa = PBXBuildFile; fileRef = F8AC08142CECA45C006FBB3E /* AppDelegate.swift */; };
		F8AC08242CECA45C006FBB3E /* SceneDelegate.swift in Sources */ = {isa = PBXBuildFile; fileRef = F8AC08152CECA45C006FBB3E /* SceneDelegate.swift */; };
		F8AC08252CECA45C006FBB3E /* String+Extensions.swift in Sources */ = {isa = PBXBuildFile; fileRef = F8AC08172CECA45C006FBB3E /* String+Extensions.swift */; };
		F8AC08262CECA45C006FBB3E /* NetworkError.swift in Sources */ = {isa = PBXBuildFile; fileRef = F8AC08192CECA45C006FBB3E /* NetworkError.swift */; };
		F8AC08272CECA45C006FBB3E /* Assets.xcassets in Resources */ = {isa = PBXBuildFile; fileRef = F8AC081C2CECA45C006FBB3E /* Assets.xcassets */; };
		F8AC08292CECA45C006FBB3E /* Localizable.strings in Resources */ = {isa = PBXBuildFile; fileRef = F8AC08202CECA45C006FBB3E /* Localizable.strings */; };
		F8AC082B2CECA4EA006FBB3E /* Endpoint.swift in Sources */ = {isa = PBXBuildFile; fileRef = F8AC082A2CECA4EA006FBB3E /* Endpoint.swift */; };
		F8AC082F2CECA9C2006FBB3E /* APIClient.swift in Sources */ = {isa = PBXBuildFile; fileRef = F8AC082E2CECA9C2006FBB3E /* APIClient.swift */; };
		F8AC08332CECBE88006FBB3E /* Base.swift in Sources */ = {isa = PBXBuildFile; fileRef = F8AC08322CECBE88006FBB3E /* Base.swift */; };
		F8AC08352CECC995006FBB3E /* ErrorResponse.swift in Sources */ = {isa = PBXBuildFile; fileRef = F8AC08342CECC995006FBB3E /* ErrorResponse.swift */; };
		F8AC08372CECCC45006FBB3E /* SearchRequest.swift in Sources */ = {isa = PBXBuildFile; fileRef = F8AC08362CECCC45006FBB3E /* SearchRequest.swift */; };
		F8AC083A2CECCE09006FBB3E /* Alamofire in Frameworks */ = {isa = PBXBuildFile; productRef = F8AC08392CECCE09006FBB3E /* Alamofire */; };
		F8AC083C2CECCFEF006FBB3E /* SearchResponse.swift in Sources */ = {isa = PBXBuildFile; fileRef = F8AC083B2CECCFEF006FBB3E /* SearchResponse.swift */; };
		F8AC086C2CECD5BE006FBB3E /* Secrets.xcconfig in Resources */ = {isa = PBXBuildFile; fileRef = F8AC086B2CECD5BE006FBB3E /* Secrets.xcconfig */; };
		F8AC089F2CECDD99006FBB3E /* SplashViewController.swift in Sources */ = {isa = PBXBuildFile; fileRef = F8AC089E2CECDD99006FBB3E /* SplashViewController.swift */; };
		F8AC08A12CECE527006FBB3E /* UIView+Extensions.swift in Sources */ = {isa = PBXBuildFile; fileRef = F8AC08A02CECE527006FBB3E /* UIView+Extensions.swift */; };
		F8AC08A32CECE830006FBB3E /* SplashViewModel.swift in Sources */ = {isa = PBXBuildFile; fileRef = F8AC08A22CECE830006FBB3E /* SplashViewModel.swift */; };
/* End PBXBuildFile section */

/* Begin PBXFileReference section */
		F8AC07C82CEC8F91006FBB3E /* LoodosMovie.app */ = {isa = PBXFileReference; explicitFileType = wrapper.application; includeInIndex = 0; path = LoodosMovie.app; sourceTree = BUILT_PRODUCTS_DIR; };
		F8AC08142CECA45C006FBB3E /* AppDelegate.swift */ = {isa = PBXFileReference; lastKnownFileType = sourcecode.swift; path = AppDelegate.swift; sourceTree = "<group>"; };
		F8AC08152CECA45C006FBB3E /* SceneDelegate.swift */ = {isa = PBXFileReference; lastKnownFileType = sourcecode.swift; path = SceneDelegate.swift; sourceTree = "<group>"; };
		F8AC08172CECA45C006FBB3E /* String+Extensions.swift */ = {isa = PBXFileReference; lastKnownFileType = sourcecode.swift; path = "String+Extensions.swift"; sourceTree = "<group>"; };
		F8AC08192CECA45C006FBB3E /* NetworkError.swift */ = {isa = PBXFileReference; lastKnownFileType = sourcecode.swift; path = NetworkError.swift; sourceTree = "<group>"; };
		F8AC081C2CECA45C006FBB3E /* Assets.xcassets */ = {isa = PBXFileReference; lastKnownFileType = folder.assetcatalog; path = Assets.xcassets; sourceTree = "<group>"; };
		F8AC081D2CECA45C006FBB3E /* Info.plist */ = {isa = PBXFileReference; lastKnownFileType = text.plist.xml; path = Info.plist; sourceTree = "<group>"; };
		F8AC081E2CECA45C006FBB3E /* en */ = {isa = PBXFileReference; lastKnownFileType = text.plist.strings; name = en; path = en.lproj/Localizable.strings; sourceTree = "<group>"; };
		F8AC081F2CECA45C006FBB3E /* tr */ = {isa = PBXFileReference; lastKnownFileType = text.plist.strings; name = tr; path = tr.lproj/Localizable.strings; sourceTree = "<group>"; };
		F8AC082A2CECA4EA006FBB3E /* Endpoint.swift */ = {isa = PBXFileReference; lastKnownFileType = sourcecode.swift; path = Endpoint.swift; sourceTree = "<group>"; };
		F8AC082E2CECA9C2006FBB3E /* APIClient.swift */ = {isa = PBXFileReference; lastKnownFileType = sourcecode.swift; path = APIClient.swift; sourceTree = "<group>"; };
		F8AC08322CECBE88006FBB3E /* Base.swift */ = {isa = PBXFileReference; lastKnownFileType = sourcecode.swift; path = Base.swift; sourceTree = "<group>"; };
		F8AC08342CECC995006FBB3E /* ErrorResponse.swift */ = {isa = PBXFileReference; lastKnownFileType = sourcecode.swift; path = ErrorResponse.swift; sourceTree = "<group>"; };
		F8AC08362CECCC45006FBB3E /* SearchRequest.swift */ = {isa = PBXFileReference; lastKnownFileType = sourcecode.swift; path = SearchRequest.swift; sourceTree = "<group>"; };
		F8AC083B2CECCFEF006FBB3E /* SearchResponse.swift */ = {isa = PBXFileReference; lastKnownFileType = sourcecode.swift; path = SearchResponse.swift; sourceTree = "<group>"; };
		F8AC086B2CECD5BE006FBB3E /* Secrets.xcconfig */ = {isa = PBXFileReference; lastKnownFileType = text.xcconfig; path = Secrets.xcconfig; sourceTree = "<group>"; };
		F8AC089E2CECDD99006FBB3E /* SplashViewController.swift */ = {isa = PBXFileReference; lastKnownFileType = sourcecode.swift; path = SplashViewController.swift; sourceTree = "<group>"; };
		F8AC08A02CECE527006FBB3E /* UIView+Extensions.swift */ = {isa = PBXFileReference; lastKnownFileType = sourcecode.swift; path = "UIView+Extensions.swift"; sourceTree = "<group>"; };
		F8AC08A22CECE830006FBB3E /* SplashViewModel.swift */ = {isa = PBXFileReference; lastKnownFileType = sourcecode.swift; path = SplashViewModel.swift; sourceTree = "<group>"; };
/* End PBXFileReference section */

/* Begin PBXFrameworksBuildPhase section */
		F8AC07C52CEC8F91006FBB3E /* Frameworks */ = {
			isa = PBXFrameworksBuildPhase;
			buildActionMask = 2147483647;
			files = (
				F8AC07E62CEC92C8006FBB3E /* FirebaseRemoteConfig in Frameworks */,
				F8AC083A2CECCE09006FBB3E /* Alamofire in Frameworks */,
				F8AC07E42CEC92C8006FBB3E /* FirebaseMessaging in Frameworks */,
				F8AC07E22CEC92C8006FBB3E /* FirebaseAnalytics in Frameworks */,
			);
			runOnlyForDeploymentPostprocessing = 0;
		};
/* End PBXFrameworksBuildPhase section */

/* Begin PBXGroup section */
		F8AC07BF2CEC8F91006FBB3E = {
			isa = PBXGroup;
			children = (
				F8AC08222CECA45C006FBB3E /* LoodosMovie */,
				F8AC07C92CEC8F91006FBB3E /* Products */,
			);
			sourceTree = "<group>";
		};
		F8AC07C92CEC8F91006FBB3E /* Products */ = {
			isa = PBXGroup;
			children = (
				F8AC07C82CEC8F91006FBB3E /* LoodosMovie.app */,
			);
			name = Products;
			sourceTree = "<group>";
		};
		F8AC08162CECA45C006FBB3E /* Application */ = {
			isa = PBXGroup;
			children = (
				F8AC08142CECA45C006FBB3E /* AppDelegate.swift */,
				F8AC08152CECA45C006FBB3E /* SceneDelegate.swift */,
			);
			path = Application;
			sourceTree = "<group>";
		};
		F8AC08182CECA45C006FBB3E /* Extensions */ = {
			isa = PBXGroup;
			children = (
				F8AC08172CECA45C006FBB3E /* String+Extensions.swift */,
				F8AC08A02CECE527006FBB3E /* UIView+Extensions.swift */,
			);
			path = Extensions;
			sourceTree = "<group>";
		};
		F8AC081A2CECA45C006FBB3E /* Network */ = {
			isa = PBXGroup;
			children = (
				F8AC08302CECBE74006FBB3E /* Models */,
				F8AC08312CECBE7A006FBB3E /* Requests */,
				F8AC082A2CECA4EA006FBB3E /* Endpoint.swift */,
				F8AC08192CECA45C006FBB3E /* NetworkError.swift */,
				F8AC082E2CECA9C2006FBB3E /* APIClient.swift */,
			);
			path = Network;
			sourceTree = "<group>";
		};
		F8AC081B2CECA45C006FBB3E /* Scenes */ = {
			isa = PBXGroup;
			children = (
				F8AC089D2CECDD87006FBB3E /* Splash */,
			);
			path = Scenes;
			sourceTree = "<group>";
		};
		F8AC08212CECA45C006FBB3E /* Supporting Files */ = {
			isa = PBXGroup;
			children = (
				F8AC081C2CECA45C006FBB3E /* Assets.xcassets */,
				F8AC081D2CECA45C006FBB3E /* Info.plist */,
				F8AC08202CECA45C006FBB3E /* Localizable.strings */,
			);
			path = "Supporting Files";
			sourceTree = "<group>";
		};
		F8AC08222CECA45C006FBB3E /* LoodosMovie */ = {
			isa = PBXGroup;
			children = (
				F8AC08162CECA45C006FBB3E /* Application */,
				F8AC086A2CECD565006FBB3E /* Secrets */,
				F8AC081A2CECA45C006FBB3E /* Network */,
				F8AC08182CECA45C006FBB3E /* Extensions */,
				F8AC081B2CECA45C006FBB3E /* Scenes */,
				F8AC08212CECA45C006FBB3E /* Supporting Files */,
			);
			path = LoodosMovie;
			sourceTree = "<group>";
		};
		F8AC08302CECBE74006FBB3E /* Models */ = {
			isa = PBXGroup;
			children = (
				F8AC08322CECBE88006FBB3E /* Base.swift */,
				F8AC08342CECC995006FBB3E /* ErrorResponse.swift */,
				F8AC083B2CECCFEF006FBB3E /* SearchResponse.swift */,
			);
			path = Models;
			sourceTree = "<group>";
		};
		F8AC08312CECBE7A006FBB3E /* Requests */ = {
			isa = PBXGroup;
			children = (
				F8AC08362CECCC45006FBB3E /* SearchRequest.swift */,
			);
			path = Requests;
			sourceTree = "<group>";
		};
		F8AC086A2CECD565006FBB3E /* Secrets */ = {
			isa = PBXGroup;
			children = (
				F8AC086B2CECD5BE006FBB3E /* Secrets.xcconfig */,
			);
			path = Secrets;
			sourceTree = "<group>";
		};
		F8AC089D2CECDD87006FBB3E /* Splash */ = {
			isa = PBXGroup;
			children = (
				F8AC089E2CECDD99006FBB3E /* SplashViewController.swift */,
				F8AC08A22CECE830006FBB3E /* SplashViewModel.swift */,
			);
			path = Splash;
			sourceTree = "<group>";
		};
/* End PBXGroup section */

/* Begin PBXNativeTarget section */
		F8AC07C72CEC8F91006FBB3E /* LoodosMovie */ = {
			isa = PBXNativeTarget;
			buildConfigurationList = F8AC07DB2CEC8F92006FBB3E /* Build configuration list for PBXNativeTarget "LoodosMovie" */;
			buildPhases = (
				F8AC07C42CEC8F91006FBB3E /* Sources */,
				F8AC07C52CEC8F91006FBB3E /* Frameworks */,
				F8AC07C62CEC8F91006FBB3E /* Resources */,
			);
			buildRules = (
			);
			dependencies = (
			);
			name = LoodosMovie;
			packageProductDependencies = (
				F8AC07E12CEC92C8006FBB3E /* FirebaseAnalytics */,
				F8AC07E32CEC92C8006FBB3E /* FirebaseMessaging */,
				F8AC07E52CEC92C8006FBB3E /* FirebaseRemoteConfig */,
				F8AC08392CECCE09006FBB3E /* Alamofire */,
			);
			productName = LoodosMovie;
			productReference = F8AC07C82CEC8F91006FBB3E /* LoodosMovie.app */;
			productType = "com.apple.product-type.application";
		};
/* End PBXNativeTarget section */

/* Begin PBXProject section */
		F8AC07C02CEC8F91006FBB3E /* Project object */ = {
			isa = PBXProject;
			attributes = {
				BuildIndependentTargetsInParallel = 1;
				LastSwiftUpdateCheck = 1600;
				LastUpgradeCheck = 1600;
				TargetAttributes = {
					F8AC07C72CEC8F91006FBB3E = {
						CreatedOnToolsVersion = 16.0;
					};
				};
			};
			buildConfigurationList = F8AC07C32CEC8F91006FBB3E /* Build configuration list for PBXProject "LoodosMovie" */;
			developmentRegion = en;
			hasScannedForEncodings = 0;
			knownRegions = (
				en,
				Base,
				tr,
			);
			mainGroup = F8AC07BF2CEC8F91006FBB3E;
			minimizedProjectReferenceProxies = 1;
			packageReferences = (
				F8AC07E02CEC92C8006FBB3E /* XCRemoteSwiftPackageReference "firebase-ios-sdk" */,
				F8AC08382CECCE09006FBB3E /* XCRemoteSwiftPackageReference "Alamofire" */,
			);
			preferredProjectObjectVersion = 77;
			productRefGroup = F8AC07C92CEC8F91006FBB3E /* Products */;
			projectDirPath = "";
			projectRoot = "";
			targets = (
				F8AC07C72CEC8F91006FBB3E /* LoodosMovie */,
			);
		};
/* End PBXProject section */

/* Begin PBXResourcesBuildPhase section */
		F8AC07C62CEC8F91006FBB3E /* Resources */ = {
			isa = PBXResourcesBuildPhase;
			buildActionMask = 2147483647;
			files = (
				F8AC08272CECA45C006FBB3E /* Assets.xcassets in Resources */,
				F8AC08292CECA45C006FBB3E /* Localizable.strings in Resources */,
				F8AC086C2CECD5BE006FBB3E /* Secrets.xcconfig in Resources */,
			);
			runOnlyForDeploymentPostprocessing = 0;
		};
/* End PBXResourcesBuildPhase section */

/* Begin PBXSourcesBuildPhase section */
		F8AC07C42CEC8F91006FBB3E /* Sources */ = {
			isa = PBXSourcesBuildPhase;
			buildActionMask = 2147483647;
			files = (
				F8AC08232CECA45C006FBB3E /* AppDelegate.swift in Sources */,
				F8AC082F2CECA9C2006FBB3E /* APIClient.swift in Sources */,
				F8AC08242CECA45C006FBB3E /* SceneDelegate.swift in Sources */,
				F8AC08252CECA45C006FBB3E /* String+Extensions.swift in Sources */,
				F8AC08262CECA45C006FBB3E /* NetworkError.swift in Sources */,
				F8AC08332CECBE88006FBB3E /* Base.swift in Sources */,
				F8AC08A12CECE527006FBB3E /* UIView+Extensions.swift in Sources */,
				F8AC083C2CECCFEF006FBB3E /* SearchResponse.swift in Sources */,
				F8AC08A32CECE830006FBB3E /* SplashViewModel.swift in Sources */,
				F8AC082B2CECA4EA006FBB3E /* Endpoint.swift in Sources */,
				F8AC08372CECCC45006FBB3E /* SearchRequest.swift in Sources */,
				F8AC08352CECC995006FBB3E /* ErrorResponse.swift in Sources */,
				F8AC089F2CECDD99006FBB3E /* SplashViewController.swift in Sources */,
			);
			runOnlyForDeploymentPostprocessing = 0;
		};
/* End PBXSourcesBuildPhase section */

/* Begin PBXVariantGroup section */
		F8AC08202CECA45C006FBB3E /* Localizable.strings */ = {
			isa = PBXVariantGroup;
			children = (
				F8AC081E2CECA45C006FBB3E /* en */,
				F8AC081F2CECA45C006FBB3E /* tr */,
			);
			name = Localizable.strings;
			sourceTree = "<group>";
		};
/* End PBXVariantGroup section */

/* Begin XCBuildConfiguration section */
		F8AC07DC2CEC8F92006FBB3E /* Debug */ = {
			isa = XCBuildConfiguration;
			baseConfigurationReference = F8AC086B2CECD5BE006FBB3E /* Secrets.xcconfig */;
			buildSettings = {
				ASSETCATALOG_COMPILER_APPICON_NAME = AppIcon;
				ASSETCATALOG_COMPILER_GLOBAL_ACCENT_COLOR_NAME = AccentColor;
				CODE_SIGN_STYLE = Automatic;
				CURRENT_PROJECT_VERSION = 1;
				DEVELOPMENT_TEAM = A5777VBC8M;
				GENERATE_INFOPLIST_FILE = YES;
				INFOPLIST_FILE = "LoodosMovie/Supporting Files/Info.plist";
				INFOPLIST_KEY_UIApplicationSupportsIndirectInputEvents = YES;
				INFOPLIST_KEY_UILaunchStoryboardName = "";
				INFOPLIST_KEY_UIMainStoryboardFile = "";
				INFOPLIST_KEY_UISupportedInterfaceOrientations = UIInterfaceOrientationPortrait;
				INFOPLIST_KEY_UISupportedInterfaceOrientations_iPad = "UIInterfaceOrientationLandscapeLeft UIInterfaceOrientationLandscapeRight UIInterfaceOrientationPortrait UIInterfaceOrientationPortraitUpsideDown";
				LD_RUNPATH_SEARCH_PATHS = (
					"$(inherited)",
					"@executable_path/Frameworks",
				);
				MARKETING_VERSION = 1.0.0;
				PRODUCT_BUNDLE_IDENTIFIER = com.uguraltintas.LoodosMovie;
				PRODUCT_NAME = "$(TARGET_NAME)";
				SUPPORTED_PLATFORMS = "iphoneos iphonesimulator";
				SUPPORTS_MACCATALYST = NO;
				SWIFT_EMIT_LOC_STRINGS = YES;
				SWIFT_VERSION = 5.0;
				TARGETED_DEVICE_FAMILY = 1;
			};
			name = Debug;
		};
		F8AC07DD2CEC8F92006FBB3E /* Release */ = {
			isa = XCBuildConfiguration;
			baseConfigurationReference = F8AC086B2CECD5BE006FBB3E /* Secrets.xcconfig */;
			buildSettings = {
				ASSETCATALOG_COMPILER_APPICON_NAME = AppIcon;
				ASSETCATALOG_COMPILER_GLOBAL_ACCENT_COLOR_NAME = AccentColor;
				CODE_SIGN_STYLE = Automatic;
				CURRENT_PROJECT_VERSION = 1;
				DEVELOPMENT_TEAM = A5777VBC8M;
				GENERATE_INFOPLIST_FILE = YES;
				INFOPLIST_FILE = "LoodosMovie/Supporting Files/Info.plist";
				INFOPLIST_KEY_UIApplicationSupportsIndirectInputEvents = YES;
				INFOPLIST_KEY_UILaunchStoryboardName = "";
				INFOPLIST_KEY_UIMainStoryboardFile = "";
				INFOPLIST_KEY_UISupportedInterfaceOrientations = UIInterfaceOrientationPortrait;
				INFOPLIST_KEY_UISupportedInterfaceOrientations_iPad = "UIInterfaceOrientationLandscapeLeft UIInterfaceOrientationLandscapeRight UIInterfaceOrientationPortrait UIInterfaceOrientationPortraitUpsideDown";
				LD_RUNPATH_SEARCH_PATHS = (
					"$(inherited)",
					"@executable_path/Frameworks",
				);
				MARKETING_VERSION = 1.0.0;
				PRODUCT_BUNDLE_IDENTIFIER = com.uguraltintas.LoodosMovie;
				PRODUCT_NAME = "$(TARGET_NAME)";
				SUPPORTED_PLATFORMS = "iphoneos iphonesimulator";
				SUPPORTS_MACCATALYST = NO;
				SWIFT_EMIT_LOC_STRINGS = YES;
				SWIFT_VERSION = 5.0;
				TARGETED_DEVICE_FAMILY = 1;
			};
			name = Release;
		};
		F8AC07DE2CEC8F92006FBB3E /* Debug */ = {
			isa = XCBuildConfiguration;
			buildSettings = {
				ALWAYS_SEARCH_USER_PATHS = NO;
				ASSETCATALOG_COMPILER_GENERATE_SWIFT_ASSET_SYMBOL_EXTENSIONS = YES;
				CLANG_ANALYZER_LOCALIZABILITY_NONLOCALIZED = YES;
				CLANG_ANALYZER_NONNULL = YES;
				CLANG_ANALYZER_NUMBER_OBJECT_CONVERSION = YES_AGGRESSIVE;
				CLANG_CXX_LANGUAGE_STANDARD = "gnu++20";
				CLANG_ENABLE_MODULES = YES;
				CLANG_ENABLE_OBJC_ARC = YES;
				CLANG_ENABLE_OBJC_WEAK = YES;
				CLANG_WARN_BLOCK_CAPTURE_AUTORELEASING = YES;
				CLANG_WARN_BOOL_CONVERSION = YES;
				CLANG_WARN_COMMA = YES;
				CLANG_WARN_CONSTANT_CONVERSION = YES;
				CLANG_WARN_DEPRECATED_OBJC_IMPLEMENTATIONS = YES;
				CLANG_WARN_DIRECT_OBJC_ISA_USAGE = YES_ERROR;
				CLANG_WARN_DOCUMENTATION_COMMENTS = YES;
				CLANG_WARN_EMPTY_BODY = YES;
				CLANG_WARN_ENUM_CONVERSION = YES;
				CLANG_WARN_INFINITE_RECURSION = YES;
				CLANG_WARN_INT_CONVERSION = YES;
				CLANG_WARN_NON_LITERAL_NULL_CONVERSION = YES;
				CLANG_WARN_OBJC_IMPLICIT_RETAIN_SELF = YES;
				CLANG_WARN_OBJC_LITERAL_CONVERSION = YES;
				CLANG_WARN_OBJC_ROOT_CLASS = YES_ERROR;
				CLANG_WARN_QUOTED_INCLUDE_IN_FRAMEWORK_HEADER = YES;
				CLANG_WARN_RANGE_LOOP_ANALYSIS = YES;
				CLANG_WARN_STRICT_PROTOTYPES = YES;
				CLANG_WARN_SUSPICIOUS_MOVE = YES;
				CLANG_WARN_UNGUARDED_AVAILABILITY = YES_AGGRESSIVE;
				CLANG_WARN_UNREACHABLE_CODE = YES;
				CLANG_WARN__DUPLICATE_METHOD_MATCH = YES;
				COPY_PHASE_STRIP = NO;
				DEBUG_INFORMATION_FORMAT = dwarf;
				ENABLE_STRICT_OBJC_MSGSEND = YES;
				ENABLE_TESTABILITY = YES;
				ENABLE_USER_SCRIPT_SANDBOXING = YES;
				GCC_C_LANGUAGE_STANDARD = gnu17;
				GCC_DYNAMIC_NO_PIC = NO;
				GCC_NO_COMMON_BLOCKS = YES;
				GCC_OPTIMIZATION_LEVEL = 0;
				GCC_PREPROCESSOR_DEFINITIONS = (
					"DEBUG=1",
					"$(inherited)",
				);
				GCC_WARN_64_TO_32_BIT_CONVERSION = YES;
				GCC_WARN_ABOUT_RETURN_TYPE = YES_ERROR;
				GCC_WARN_UNDECLARED_SELECTOR = YES;
				GCC_WARN_UNINITIALIZED_AUTOS = YES_AGGRESSIVE;
				GCC_WARN_UNUSED_FUNCTION = YES;
				GCC_WARN_UNUSED_VARIABLE = YES;
				IPHONEOS_DEPLOYMENT_TARGET = 18.0;
				LOCALIZATION_PREFERS_STRING_CATALOGS = YES;
				MTL_ENABLE_DEBUG_INFO = INCLUDE_SOURCE;
				MTL_FAST_MATH = YES;
				ONLY_ACTIVE_ARCH = YES;
				SDKROOT = iphoneos;
				SWIFT_ACTIVE_COMPILATION_CONDITIONS = "DEBUG $(inherited)";
				SWIFT_OPTIMIZATION_LEVEL = "-Onone";
			};
			name = Debug;
		};
		F8AC07DF2CEC8F92006FBB3E /* Release */ = {
			isa = XCBuildConfiguration;
			buildSettings = {
				ALWAYS_SEARCH_USER_PATHS = NO;
				ASSETCATALOG_COMPILER_GENERATE_SWIFT_ASSET_SYMBOL_EXTENSIONS = YES;
				CLANG_ANALYZER_LOCALIZABILITY_NONLOCALIZED = YES;
				CLANG_ANALYZER_NONNULL = YES;
				CLANG_ANALYZER_NUMBER_OBJECT_CONVERSION = YES_AGGRESSIVE;
				CLANG_CXX_LANGUAGE_STANDARD = "gnu++20";
				CLANG_ENABLE_MODULES = YES;
				CLANG_ENABLE_OBJC_ARC = YES;
				CLANG_ENABLE_OBJC_WEAK = YES;
				CLANG_WARN_BLOCK_CAPTURE_AUTORELEASING = YES;
				CLANG_WARN_BOOL_CONVERSION = YES;
				CLANG_WARN_COMMA = YES;
				CLANG_WARN_CONSTANT_CONVERSION = YES;
				CLANG_WARN_DEPRECATED_OBJC_IMPLEMENTATIONS = YES;
				CLANG_WARN_DIRECT_OBJC_ISA_USAGE = YES_ERROR;
				CLANG_WARN_DOCUMENTATION_COMMENTS = YES;
				CLANG_WARN_EMPTY_BODY = YES;
				CLANG_WARN_ENUM_CONVERSION = YES;
				CLANG_WARN_INFINITE_RECURSION = YES;
				CLANG_WARN_INT_CONVERSION = YES;
				CLANG_WARN_NON_LITERAL_NULL_CONVERSION = YES;
				CLANG_WARN_OBJC_IMPLICIT_RETAIN_SELF = YES;
				CLANG_WARN_OBJC_LITERAL_CONVERSION = YES;
				CLANG_WARN_OBJC_ROOT_CLASS = YES_ERROR;
				CLANG_WARN_QUOTED_INCLUDE_IN_FRAMEWORK_HEADER = YES;
				CLANG_WARN_RANGE_LOOP_ANALYSIS = YES;
				CLANG_WARN_STRICT_PROTOTYPES = YES;
				CLANG_WARN_SUSPICIOUS_MOVE = YES;
				CLANG_WARN_UNGUARDED_AVAILABILITY = YES_AGGRESSIVE;
				CLANG_WARN_UNREACHABLE_CODE = YES;
				CLANG_WARN__DUPLICATE_METHOD_MATCH = YES;
				COPY_PHASE_STRIP = NO;
				DEBUG_INFORMATION_FORMAT = "dwarf-with-dsym";
				ENABLE_NS_ASSERTIONS = NO;
				ENABLE_STRICT_OBJC_MSGSEND = YES;
				ENABLE_USER_SCRIPT_SANDBOXING = YES;
				GCC_C_LANGUAGE_STANDARD = gnu17;
				GCC_NO_COMMON_BLOCKS = YES;
				GCC_WARN_64_TO_32_BIT_CONVERSION = YES;
				GCC_WARN_ABOUT_RETURN_TYPE = YES_ERROR;
				GCC_WARN_UNDECLARED_SELECTOR = YES;
				GCC_WARN_UNINITIALIZED_AUTOS = YES_AGGRESSIVE;
				GCC_WARN_UNUSED_FUNCTION = YES;
				GCC_WARN_UNUSED_VARIABLE = YES;
				IPHONEOS_DEPLOYMENT_TARGET = 18.0;
				LOCALIZATION_PREFERS_STRING_CATALOGS = YES;
				MTL_ENABLE_DEBUG_INFO = NO;
				MTL_FAST_MATH = YES;
				SDKROOT = iphoneos;
				SWIFT_COMPILATION_MODE = wholemodule;
				VALIDATE_PRODUCT = YES;
			};
			name = Release;
		};
/* End XCBuildConfiguration section */

/* Begin XCConfigurationList section */
		F8AC07C32CEC8F91006FBB3E /* Build configuration list for PBXProject "LoodosMovie" */ = {
			isa = XCConfigurationList;
			buildConfigurations = (
				F8AC07DE2CEC8F92006FBB3E /* Debug */,
				F8AC07DF2CEC8F92006FBB3E /* Release */,
			);
			defaultConfigurationIsVisible = 0;
			defaultConfigurationName = Release;
		};
		F8AC07DB2CEC8F92006FBB3E /* Build configuration list for PBXNativeTarget "LoodosMovie" */ = {
			isa = XCConfigurationList;
			buildConfigurations = (
				F8AC07DC2CEC8F92006FBB3E /* Debug */,
				F8AC07DD2CEC8F92006FBB3E /* Release */,
			);
			defaultConfigurationIsVisible = 0;
			defaultConfigurationName = Release;
		};
/* End XCConfigurationList section */

/* Begin XCRemoteSwiftPackageReference section */
		F8AC07E02CEC92C8006FBB3E /* XCRemoteSwiftPackageReference "firebase-ios-sdk" */ = {
			isa = XCRemoteSwiftPackageReference;
			repositoryURL = "https://github.com/firebase/firebase-ios-sdk.git";
			requirement = {
				kind = upToNextMajorVersion;
				minimumVersion = 11.5.0;
			};
		};
		F8AC08382CECCE09006FBB3E /* XCRemoteSwiftPackageReference "Alamofire" */ = {
			isa = XCRemoteSwiftPackageReference;
			repositoryURL = "https://github.com/Alamofire/Alamofire.git";
			requirement = {
				kind = upToNextMajorVersion;
				minimumVersion = 5.10.1;
			};
		};
/* End XCRemoteSwiftPackageReference section */

/* Begin XCSwiftPackageProductDependency section */
		F8AC07E12CEC92C8006FBB3E /* FirebaseAnalytics */ = {
			isa = XCSwiftPackageProductDependency;
			package = F8AC07E02CEC92C8006FBB3E /* XCRemoteSwiftPackageReference "firebase-ios-sdk" */;
			productName = FirebaseAnalytics;
		};
		F8AC07E32CEC92C8006FBB3E /* FirebaseMessaging */ = {
			isa = XCSwiftPackageProductDependency;
			package = F8AC07E02CEC92C8006FBB3E /* XCRemoteSwiftPackageReference "firebase-ios-sdk" */;
			productName = FirebaseMessaging;
		};
		F8AC07E52CEC92C8006FBB3E /* FirebaseRemoteConfig */ = {
			isa = XCSwiftPackageProductDependency;
			package = F8AC07E02CEC92C8006FBB3E /* XCRemoteSwiftPackageReference "firebase-ios-sdk" */;
			productName = FirebaseRemoteConfig;
		};
		F8AC08392CECCE09006FBB3E /* Alamofire */ = {
			isa = XCSwiftPackageProductDependency;
			package = F8AC08382CECCE09006FBB3E /* XCRemoteSwiftPackageReference "Alamofire" */;
			productName = Alamofire;
		};
/* End XCSwiftPackageProductDependency section */
	};
	rootObject = F8AC07C02CEC8F91006FBB3E /* Project object */;
}
